github.com/cespare/xxhash/v2 v2.1.1 h1:6MnRN8NT7+YBpUIWxHtefFZOKTAPgGjpQSxqLNn0+qY=
github.com/cespare/xxhash/v2 v2.1.1/go.mod h1:VGX0DQ3Q6kWi7AoAeZDth3/j3BFtOZR5XLFGgcrjCOs=
github.com/franela/goblin v0.0.0-20210113153425-413781f5e6c8 h1:QVPknD9yAYAmmmERIxdPFY6yf8d7xqoieNs/1C9ieCk=
github.com/franela/goblin v0.0.0-20210113153425-413781f5e6c8/go.mod h1:VzmDKDJVZI3aJmnRI9VjAn9nJ8qPPsN1fqzr9dqInIo=
